
Microsoft Visual Studio Solution File, Format Version 12.00
# Visual Studio Version 17
VisualStudioVersion = 17.5.33516.290
MinimumVisualStudioVersion = 10.0.40219.1
Project("{FAE04EC0-301F-11D3-BF4B-00C04F79EFBC}") = "Mauka.Entities", "Mauka.Entities\Mauka.Entities.csproj", "{F139227C-FDCB-4AEF-A8F9-7B3C504A5332}"
EndProject
Project("{FAE04EC0-301F-11D3-BF4B-00C04F79EFBC}") = "Mouka.Web", "Mouka.Web\Mouka.Web.csproj", "{6ADB89C2-9C0D-48A6-A406-3C3B2E532323}"
EndProject
Project("{FAE04EC0-301F-11D3-BF4B-00C04F79EFBC}") = "Mouka.Database", "Mouka.Database\Mouka.Database.csproj", "{90E82AE5-C39E-4C23-BFFD-DF5E3AF69452}"
EndProject
Project("{FAE04EC0-301F-11D3-BF4B-00C04F79EFBC}") = "Mouka.Services", "Mouka.Services\Mouka.Services.csproj", "{6075104A-9721-4C15-8CAD-32947B93ADB3}"
EndProject
Global
	GlobalSection(SolutionConfigurationPlatforms) = preSolution
		Debug|Any CPU = Debug|Any CPU
		Release|Any CPU = Release|Any CPU
	EndGlobalSection
	GlobalSection(ProjectConfigurationPlatforms) = postSolution
		{F139227C-FDCB-4AEF-A8F9-7B3C504A5332}.Debug|Any CPU.ActiveCfg = Debug|Any CPU
		{F139227C-FDCB-4AEF-A8F9-7B3C504A5332}.Debug|Any CPU.Build.0 = Debug|Any CPU
		{F139227C-FDCB-4AEF-A8F9-7B3C504A5332}.Release|Any CPU.ActiveCfg = Release|Any CPU
		{F139227C-FDCB-4AEF-A8F9-7B3C504A5332}.Release|Any CPU.Build.0 = Release|Any CPU
		{6ADB89C2-9C0D-48A6-A406-3C3B2E532323}.Debug|Any CPU.ActiveCfg = Debug|Any CPU
		{6ADB89C2-9C0D-48A6-A406-3C3B2E532323}.Debug|Any CPU.Build.0 = Debug|Any CPU
		{6ADB89C2-9C0D-48A6-A406-3C3B2E532323}.Release|Any CPU.ActiveCfg = Release|Any CPU
		{6ADB89C2-9C0D-48A6-A406-3C3B2E532323}.Release|Any CPU.Build.0 = Release|Any CPU
		{90E82AE5-C39E-4C23-BFFD-DF5E3AF69452}.Debug|Any CPU.ActiveCfg = Debug|Any CPU
		{90E82AE5-C39E-4C23-BFFD-DF5E3AF69452}.Debug|Any CPU.Build.0 = Debug|Any CPU
		{90E82AE5-C39E-4C23-BFFD-DF5E3AF69452}.Release|Any CPU.ActiveCfg = Release|Any CPU
		{90E82AE5-C39E-4C23-BFFD-DF5E3AF69452}.Release|Any CPU.Build.0 = Release|Any CPU
		{6075104A-9721-4C15-8CAD-32947B93ADB3}.Debug|Any CPU.ActiveCfg = Debug|Any CPU
		{6075104A-9721-4C15-8CAD-32947B93ADB3}.Debug|Any CPU.Build.0 = Debug|Any CPU
		{6075104A-9721-4C15-8CAD-32947B93ADB3}.Release|Any CPU.ActiveCfg = Release|Any CPU
		{6075104A-9721-4C15-8CAD-32947B93ADB3}.Release|Any CPU.Build.0 = Release|Any CPU
	EndGlobalSection
	GlobalSection(SolutionProperties) = preSolution
		HideSolutionNode = FALSE
	EndGlobalSection
	GlobalSection(ExtensibilityGlobals) = postSolution
		SolutionGuid = {76D58D9C-E9ED-4409-9561-F0A3CD389AF9}
	EndGlobalSection
EndGlobal
